
Microsoft Visual Studio Solution File, Format Version 12.00
# Visual Studio Version 16
VisualStudioVersion = 16.0.36227.6
MinimumVisualStudioVersion = 10.0.40219.1
Project("{9A19103F-16F7-4668-BE54-9A1E7A4F7556}") = "EHRSYSTEM", "EHRSYSTEM.csproj", "{20E933D2-E9EC-43E8-B402-378984D79D9F}"
EndProject
Global
	GlobalSection(SolutionConfigurationPlatforms) = preSolution
		Debug|Any CPU = Debug|Any CPU
		Release|Any CPU = Release|Any CPU
	EndGlobalSection
	GlobalSection(ProjectConfigurationPlatforms) = postSolution
		{20E933D2-E9EC-43E8-B402-378984D79D9F}.Debug|Any CPU.ActiveCfg = Debug|Any CPU
		{20E933D2-E9EC-43E8-B402-378984D79D9F}.Debug|Any CPU.Build.0 = Debug|Any CPU
		{20E933D2-E9EC-43E8-B402-378984D79D9F}.Release|Any CPU.ActiveCfg = Release|Any CPU
		{20E933D2-E9EC-43E8-B402-378984D79D9F}.Release|Any CPU.Build.0 = Release|Any CPU
	EndGlobalSection
	GlobalSection(SolutionProperties) = preSolution
		HideSolutionNode = FALSE
	EndGlobalSection
	GlobalSection(ExtensibilityGlobals) = postSolution
		SolutionGuid = {C14FC99D-7B84-4856-81CC-28C1A79C4326}
	EndGlobalSection
EndGlobal
